
Microsoft Visual Studio Solution File, Format Version 12.00
# Visual Studio Version 16
VisualStudioVersion = 16.0.31025.194
MinimumVisualStudioVersion = 10.0.40219.1
Project("{FAE04EC0-301F-11D3-BF4B-00C04F79EFBC}") = "RecapProject.FootballPlayers", "RecapProject.FootballPlayers\RecapProject.FootballPlayers.csproj", "{A7A1D24E-2CC3-42BD-80E3-43C7EE34503A}"
EndProject
Project("{FAE04EC0-301F-11D3-BF4B-00C04F79EFBC}") = "Entities", "Entities\Entities.csproj", "{A7A1EB90-3ED3-4CA6-9BC1-74FBADE6C047}"
EndProject
Project("{FAE04EC0-301F-11D3-BF4B-00C04F79EFBC}") = "Core", "Core\Core.csproj", "{996680D6-A037-44EF-9EBC-5F8FEE1E0C2A}"
EndProject
Global
	GlobalSection(SolutionConfigurationPlatforms) = preSolution
		Debug|Any CPU = Debug|Any CPU
		Release|Any CPU = Release|Any CPU
	EndGlobalSection
	GlobalSection(ProjectConfigurationPlatforms) = postSolution
		{A7A1D24E-2CC3-42BD-80E3-43C7EE34503A}.Debug|Any CPU.ActiveCfg = Debug|Any CPU
		{A7A1D24E-2CC3-42BD-80E3-43C7EE34503A}.Debug|Any CPU.Build.0 = Debug|Any CPU
		{A7A1D24E-2CC3-42BD-80E3-43C7EE34503A}.Release|Any CPU.ActiveCfg = Release|Any CPU
		{A7A1D24E-2CC3-42BD-80E3-43C7EE34503A}.Release|Any CPU.Build.0 = Release|Any CPU
		{A7A1EB90-3ED3-4CA6-9BC1-74FBADE6C047}.Debug|Any CPU.ActiveCfg = Debug|Any CPU
		{A7A1EB90-3ED3-4CA6-9BC1-74FBADE6C047}.Debug|Any CPU.Build.0 = Debug|Any CPU
		{A7A1EB90-3ED3-4CA6-9BC1-74FBADE6C047}.Release|Any CPU.ActiveCfg = Release|Any CPU
		{A7A1EB90-3ED3-4CA6-9BC1-74FBADE6C047}.Release|Any CPU.Build.0 = Release|Any CPU
		{996680D6-A037-44EF-9EBC-5F8FEE1E0C2A}.Debug|Any CPU.ActiveCfg = Debug|Any CPU
		{996680D6-A037-44EF-9EBC-5F8FEE1E0C2A}.Debug|Any CPU.Build.0 = Debug|Any CPU
		{996680D6-A037-44EF-9EBC-5F8FEE1E0C2A}.Release|Any CPU.ActiveCfg = Release|Any CPU
		{996680D6-A037-44EF-9EBC-5F8FEE1E0C2A}.Release|Any CPU.Build.0 = Release|Any CPU
	EndGlobalSection
	GlobalSection(SolutionProperties) = preSolution
		HideSolutionNode = FALSE
	EndGlobalSection
	GlobalSection(ExtensibilityGlobals) = postSolution
		SolutionGuid = {7DC2BCCC-F939-4A01-A68F-B055DD769F5A}
	EndGlobalSection
EndGlobal
